// !$*UTF8*$!
{
	archiveVersion = 1;
	classes = {
	};
	objectVersion = 56;
	objects = {

/* Begin PBXBuildFile section */
		3B2F3CD82BD1433A00B8DCEE /* TCAExample2App.swift in Sources */ = {isa = PBXBuildFile; fileRef = 3B2F3CD72BD1433A00B8DCEE /* TCAExample2App.swift */; };
		3B2F3CDC2BD1433B00B8DCEE /* Assets.xcassets in Resources */ = {isa = PBXBuildFile; fileRef = 3B2F3CDB2BD1433B00B8DCEE /* Assets.xcassets */; };
		3B2F3CDF2BD1433B00B8DCEE /* Preview Assets.xcassets in Resources */ = {isa = PBXBuildFile; fileRef = 3B2F3CDE2BD1433B00B8DCEE /* Preview Assets.xcassets */; };
		3B2F3CE72BD1439800B8DCEE /* ComposableArchitecture in Frameworks */ = {isa = PBXBuildFile; productRef = 3B2F3CE62BD1439800B8DCEE /* ComposableArchitecture */; };
		3B2F3CE92BD143E300B8DCEE /* SearchReducer.swift in Sources */ = {isa = PBXBuildFile; fileRef = 3B2F3CE82BD143E300B8DCEE /* SearchReducer.swift */; };
		3B2F3CEB2BD1440E00B8DCEE /* WeatherClient.swift in Sources */ = {isa = PBXBuildFile; fileRef = 3B2F3CEA2BD1440E00B8DCEE /* WeatherClient.swift */; };
		3B2F3CED2BD146DE00B8DCEE /* SearchView.swift in Sources */ = {isa = PBXBuildFile; fileRef = 3B2F3CEC2BD146DE00B8DCEE /* SearchView.swift */; };
/* End PBXBuildFile section */

/* Begin PBXFileReference section */
		3B2F3CD42BD1433A00B8DCEE /* TCAExample2.app */ = {isa = PBXFileReference; explicitFileType = wrapper.application; includeInIndex = 0; path = TCAExample2.app; sourceTree = BUILT_PRODUCTS_DIR; };
		3B2F3CD72BD1433A00B8DCEE /* TCAExample2App.swift */ = {isa = PBXFileReference; lastKnownFileType = sourcecode.swift; path = TCAExample2App.swift; sourceTree = "<group>"; };
		3B2F3CDB2BD1433B00B8DCEE /* Assets.xcassets */ = {isa = PBXFileReference; lastKnownFileType = folder.assetcatalog; path = Assets.xcassets; sourceTree = "<group>"; };
		3B2F3CDE2BD1433B00B8DCEE /* Preview Assets.xcassets */ = {isa = PBXFileReference; lastKnownFileType = folder.assetcatalog; path = "Preview Assets.xcassets"; sourceTree = "<group>"; };
		3B2F3CE82BD143E300B8DCEE /* SearchReducer.swift */ = {isa = PBXFileReference; lastKnownFileType = sourcecode.swift; path = SearchReducer.swift; sourceTree = "<group>"; };
		3B2F3CEA2BD1440E00B8DCEE /* WeatherClient.swift */ = {isa = PBXFileReference; lastKnownFileType = sourcecode.swift; path = WeatherClient.swift; sourceTree = "<group>"; };
		3B2F3CEC2BD146DE00B8DCEE /* SearchView.swift */ = {isa = PBXFileReference; lastKnownFileType = sourcecode.swift; path = SearchView.swift; sourceTree = "<group>"; };
/* End PBXFileReference section */

/* Begin PBXFrameworksBuildPhase section */
		3B2F3CD12BD1433A00B8DCEE /* Frameworks */ = {
			isa = PBXFrameworksBuildPhase;
			buildActionMask = 2147483647;
			files = (
				3B2F3CE72BD1439800B8DCEE /* ComposableArchitecture in Frameworks */,
			);
			runOnlyForDeploymentPostprocessing = 0;
		};
/* End PBXFrameworksBuildPhase section */

/* Begin PBXGroup section */
		3B2F3CCB2BD1433A00B8DCEE = {
			isa = PBXGroup;
			children = (
				3B2F3CD62BD1433A00B8DCEE /* TCAExample2 */,
				3B2F3CD52BD1433A00B8DCEE /* Products */,
			);
			sourceTree = "<group>";
		};
		3B2F3CD52BD1433A00B8DCEE /* Products */ = {
			isa = PBXGroup;
			children = (
				3B2F3CD42BD1433A00B8DCEE /* TCAExample2.app */,
			);
			name = Products;
			sourceTree = "<group>";
		};
		3B2F3CD62BD1433A00B8DCEE /* TCAExample2 */ = {
			isa = PBXGroup;
			children = (
				3B2F3CF12BD1477700B8DCEE /* Clients */,
				3B2F3CEF2BD1474D00B8DCEE /* Features */,
				3B2F3CD72BD1433A00B8DCEE /* TCAExample2App.swift */,
				3B2F3CDB2BD1433B00B8DCEE /* Assets.xcassets */,
				3B2F3CDD2BD1433B00B8DCEE /* Preview Content */,
			);
			path = TCAExample2;
			sourceTree = "<group>";
		};
		3B2F3CDD2BD1433B00B8DCEE /* Preview Content */ = {
			isa = PBXGroup;
			children = (
				3B2F3CDE2BD1433B00B8DCEE /* Preview Assets.xcassets */,
			);
			path = "Preview Content";
			sourceTree = "<group>";
		};
		3B2F3CEF2BD1474D00B8DCEE /* Features */ = {
			isa = PBXGroup;
			children = (
				3B2F3CF02BD1476100B8DCEE /* Search */,
			);
			path = Features;
			sourceTree = "<group>";
		};
		3B2F3CF02BD1476100B8DCEE /* Search */ = {
			isa = PBXGroup;
			children = (
				3B2F3CE82BD143E300B8DCEE /* SearchReducer.swift */,
				3B2F3CEC2BD146DE00B8DCEE /* SearchView.swift */,
			);
			path = Search;
			sourceTree = "<group>";
		};
		3B2F3CF12BD1477700B8DCEE /* Clients */ = {
			isa = PBXGroup;
			children = (
				3B2F3CEA2BD1440E00B8DCEE /* WeatherClient.swift */,
			);
			path = Clients;
			sourceTree = "<group>";
		};
/* End PBXGroup section */

/* Begin PBXNativeTarget section */
		3B2F3CD32BD1433A00B8DCEE /* TCAExample2 */ = {
			isa = PBXNativeTarget;
			buildConfigurationList = 3B2F3CE22BD1433B00B8DCEE /* Build configuration list for PBXNativeTarget "TCAExample2" */;
			buildPhases = (
				3B2F3CD02BD1433A00B8DCEE /* Sources */,
				3B2F3CD12BD1433A00B8DCEE /* Frameworks */,
				3B2F3CD22BD1433A00B8DCEE /* Resources */,
			);
			buildRules = (
			);
			dependencies = (
			);
			name = TCAExample2;
			packageProductDependencies = (
				3B2F3CE62BD1439800B8DCEE /* ComposableArchitecture */,
			);
			productName = TCAExample2;
			productReference = 3B2F3CD42BD1433A00B8DCEE /* TCAExample2.app */;
			productType = "com.apple.product-type.application";
		};
/* End PBXNativeTarget section */

/* Begin PBXProject section */
		3B2F3CCC2BD1433A00B8DCEE /* Project object */ = {
			isa = PBXProject;
			attributes = {
				BuildIndependentTargetsInParallel = 1;
				LastSwiftUpdateCheck = 1520;
				LastUpgradeCheck = 1520;
				TargetAttributes = {
					3B2F3CD32BD1433A00B8DCEE = {
						CreatedOnToolsVersion = 15.2;
					};
				};
			};
			buildConfigurationList = 3B2F3CCF2BD1433A00B8DCEE /* Build configuration list for PBXProject "TCAExample2" */;
			compatibilityVersion = "Xcode 14.0";
			developmentRegion = en;
			hasScannedForEncodings = 0;
			knownRegions = (
				en,
				Base,
			);
			mainGroup = 3B2F3CCB2BD1433A00B8DCEE;
			packageReferences = (
				3B2F3CE52BD1439800B8DCEE /* XCRemoteSwiftPackageReference "swift-composable-architecture" */,
			);
			productRefGroup = 3B2F3CD52BD1433A00B8DCEE /* Products */;
			projectDirPath = "";
			projectRoot = "";
			targets = (
				3B2F3CD32BD1433A00B8DCEE /* TCAExample2 */,
			);
		};
/* End PBXProject section */

/* Begin PBXResourcesBuildPhase section */
		3B2F3CD22BD1433A00B8DCEE /* Resources */ = {
			isa = PBXResourcesBuildPhase;
			buildActionMask = 2147483647;
			files = (
				3B2F3CDF2BD1433B00B8DCEE /* Preview Assets.xcassets in Resources */,
				3B2F3CDC2BD1433B00B8DCEE /* Assets.xcassets in Resources */,
			);
			runOnlyForDeploymentPostprocessing = 0;
		};
/* End PBXResourcesBuildPhase section */

/* Begin PBXSourcesBuildPhase section */
		3B2F3CD02BD1433A00B8DCEE /* Sources */ = {
			isa = PBXSourcesBuildPhase;
			buildActionMask = 2147483647;
			files = (
				3B2F3CED2BD146DE00B8DCEE /* SearchView.swift in Sources */,
				3B2F3CE92BD143E300B8DCEE /* SearchReducer.swift in Sources */,
				3B2F3CD82BD1433A00B8DCEE /* TCAExample2App.swift in Sources */,
				3B2F3CEB2BD1440E00B8DCEE /* WeatherClient.swift in Sources */,
			);
			runOnlyForDeploymentPostprocessing = 0;
		};
/* End PBXSourcesBuildPhase section */

/* Begin XCBuildConfiguration section */
		3B2F3CE02BD1433B00B8DCEE /* Debug */ = {
			isa = XCBuildConfiguration;
			buildSettings = {
				ALWAYS_SEARCH_USER_PATHS = NO;
				ASSETCATALOG_COMPILER_GENERATE_SWIFT_ASSET_SYMBOL_EXTENSIONS = YES;
				CLANG_ANALYZER_NONNULL = YES;
				CLANG_ANALYZER_NUMBER_OBJECT_CONVERSION = YES_AGGRESSIVE;
				CLANG_CXX_LANGUAGE_STANDARD = "gnu++20";
				CLANG_ENABLE_MODULES = YES;
				CLANG_ENABLE_OBJC_ARC = YES;
				CLANG_ENABLE_OBJC_WEAK = YES;
				CLANG_WARN_BLOCK_CAPTURE_AUTORELEASING = YES;
				CLANG_WARN_BOOL_CONVERSION = YES;
				CLANG_WARN_COMMA = YES;
				CLANG_WARN_CONSTANT_CONVERSION = YES;
				CLANG_WARN_DEPRECATED_OBJC_IMPLEMENTATIONS = YES;
				CLANG_WARN_DIRECT_OBJC_ISA_USAGE = YES_ERROR;
				CLANG_WARN_DOCUMENTATION_COMMENTS = YES;
				CLANG_WARN_EMPTY_BODY = YES;
				CLANG_WARN_ENUM_CONVERSION = YES;
				CLANG_WARN_INFINITE_RECURSION = YES;
				CLANG_WARN_INT_CONVERSION = YES;
				CLANG_WARN_NON_LITERAL_NULL_CONVERSION = YES;
				CLANG_WARN_OBJC_IMPLICIT_RETAIN_SELF = YES;
				CLANG_WARN_OBJC_LITERAL_CONVERSION = YES;
				CLANG_WARN_OBJC_ROOT_CLASS = YES_ERROR;
				CLANG_WARN_QUOTED_INCLUDE_IN_FRAMEWORK_HEADER = YES;
				CLANG_WARN_RANGE_LOOP_ANALYSIS = YES;
				CLANG_WARN_STRICT_PROTOTYPES = YES;
				CLANG_WARN_SUSPICIOUS_MOVE = YES;
				CLANG_WARN_UNGUARDED_AVAILABILITY = YES_AGGRESSIVE;
				CLANG_WARN_UNREACHABLE_CODE = YES;
				CLANG_WARN__DUPLICATE_METHOD_MATCH = YES;
				COPY_PHASE_STRIP = NO;
				DEBUG_INFORMATION_FORMAT = dwarf;
				ENABLE_STRICT_OBJC_MSGSEND = YES;
				ENABLE_TESTABILITY = YES;
				ENABLE_USER_SCRIPT_SANDBOXING = YES;
				GCC_C_LANGUAGE_STANDARD = gnu17;
				GCC_DYNAMIC_NO_PIC = NO;
				GCC_NO_COMMON_BLOCKS = YES;
				GCC_OPTIMIZATION_LEVEL = 0;
				GCC_PREPROCESSOR_DEFINITIONS = (
					"DEBUG=1",
					"$(inherited)",
				);
				GCC_WARN_64_TO_32_BIT_CONVERSION = YES;
				GCC_WARN_ABOUT_RETURN_TYPE = YES_ERROR;
				GCC_WARN_UNDECLARED_SELECTOR = YES;
				GCC_WARN_UNINITIALIZED_AUTOS = YES_AGGRESSIVE;
				GCC_WARN_UNUSED_FUNCTION = YES;
				GCC_WARN_UNUSED_VARIABLE = YES;
				IPHONEOS_DEPLOYMENT_TARGET = 17.2;
				LOCALIZATION_PREFERS_STRING_CATALOGS = YES;
				MTL_ENABLE_DEBUG_INFO = INCLUDE_SOURCE;
				MTL_FAST_MATH = YES;
				ONLY_ACTIVE_ARCH = YES;
				SDKROOT = iphoneos;
				SWIFT_ACTIVE_COMPILATION_CONDITIONS = "DEBUG $(inherited)";
				SWIFT_OPTIMIZATION_LEVEL = "-Onone";
			};
			name = Debug;
		};
		3B2F3CE12BD1433B00B8DCEE /* Release */ = {
			isa = XCBuildConfiguration;
			buildSettings = {
				ALWAYS_SEARCH_USER_PATHS = NO;
				ASSETCATALOG_COMPILER_GENERATE_SWIFT_ASSET_SYMBOL_EXTENSIONS = YES;
				CLANG_ANALYZER_NONNULL = YES;
				CLANG_ANALYZER_NUMBER_OBJECT_CONVERSION = YES_AGGRESSIVE;
				CLANG_CXX_LANGUAGE_STANDARD = "gnu++20";
				CLANG_ENABLE_MODULES = YES;
				CLANG_ENABLE_OBJC_ARC = YES;
				CLANG_ENABLE_OBJC_WEAK = YES;
				CLANG_WARN_BLOCK_CAPTURE_AUTORELEASING = YES;
				CLANG_WARN_BOOL_CONVERSION = YES;
				CLANG_WARN_COMMA = YES;
				CLANG_WARN_CONSTANT_CONVERSION = YES;
				CLANG_WARN_DEPRECATED_OBJC_IMPLEMENTATIONS = YES;
				CLANG_WARN_DIRECT_OBJC_ISA_USAGE = YES_ERROR;
				CLANG_WARN_DOCUMENTATION_COMMENTS = YES;
				CLANG_WARN_EMPTY_BODY = YES;
				CLANG_WARN_ENUM_CONVERSION = YES;
				CLANG_WARN_INFINITE_RECURSION = YES;
				CLANG_WARN_INT_CONVERSION = YES;
				CLANG_WARN_NON_LITERAL_NULL_CONVERSION = YES;
				CLANG_WARN_OBJC_IMPLICIT_RETAIN_SELF = YES;
				CLANG_WARN_OBJC_LITERAL_CONVERSION = YES;
				CLANG_WARN_OBJC_ROOT_CLASS = YES_ERROR;
				CLANG_WARN_QUOTED_INCLUDE_IN_FRAMEWORK_HEADER = YES;
				CLANG_WARN_RANGE_LOOP_ANALYSIS = YES;
				CLANG_WARN_STRICT_PROTOTYPES = YES;
				CLANG_WARN_SUSPICIOUS_MOVE = YES;
				CLANG_WARN_UNGUARDED_AVAILABILITY = YES_AGGRESSIVE;
				CLANG_WARN_UNREACHABLE_CODE = YES;
				CLANG_WARN__DUPLICATE_METHOD_MATCH = YES;
				COPY_PHASE_STRIP = NO;
				DEBUG_INFORMATION_FORMAT = "dwarf-with-dsym";
				ENABLE_NS_ASSERTIONS = NO;
				ENABLE_STRICT_OBJC_MSGSEND = YES;
				ENABLE_USER_SCRIPT_SANDBOXING = YES;
				GCC_C_LANGUAGE_STANDARD = gnu17;
				GCC_NO_COMMON_BLOCKS = YES;
				GCC_WARN_64_TO_32_BIT_CONVERSION = YES;
				GCC_WARN_ABOUT_RETURN_TYPE = YES_ERROR;
				GCC_WARN_UNDECLARED_SELECTOR = YES;
				GCC_WARN_UNINITIALIZED_AUTOS = YES_AGGRESSIVE;
				GCC_WARN_UNUSED_FUNCTION = YES;
				GCC_WARN_UNUSED_VARIABLE = YES;
				IPHONEOS_DEPLOYMENT_TARGET = 17.2;
				LOCALIZATION_PREFERS_STRING_CATALOGS = YES;
				MTL_ENABLE_DEBUG_INFO = NO;
				MTL_FAST_MATH = YES;
				SDKROOT = iphoneos;
				SWIFT_COMPILATION_MODE = wholemodule;
				VALIDATE_PRODUCT = YES;
			};
			name = Release;
		};
		3B2F3CE32BD1433B00B8DCEE /* Debug */ = {
			isa = XCBuildConfiguration;
			buildSettings = {
				ASSETCATALOG_COMPILER_APPICON_NAME = AppIcon;
				ASSETCATALOG_COMPILER_GLOBAL_ACCENT_COLOR_NAME = AccentColor;
				CODE_SIGN_STYLE = Automatic;
				CURRENT_PROJECT_VERSION = 1;
				DEVELOPMENT_ASSET_PATHS = "\"TCAExample2/Preview Content\"";
				ENABLE_PREVIEWS = YES;
				GENERATE_INFOPLIST_FILE = YES;
				INFOPLIST_KEY_UIApplicationSceneManifest_Generation = YES;
				INFOPLIST_KEY_UIApplicationSupportsIndirectInputEvents = YES;
				INFOPLIST_KEY_UILaunchScreen_Generation = YES;
				INFOPLIST_KEY_UISupportedInterfaceOrientations_iPad = "UIInterfaceOrientationPortrait UIInterfaceOrientationPortraitUpsideDown UIInterfaceOrientationLandscapeLeft UIInterfaceOrientationLandscapeRight";
				INFOPLIST_KEY_UISupportedInterfaceOrientations_iPhone = "UIInterfaceOrientationPortrait UIInterfaceOrientationLandscapeLeft UIInterfaceOrientationLandscapeRight";
				LD_RUNPATH_SEARCH_PATHS = (
					"$(inherited)",
					"@executable_path/Frameworks",
				);
				MARKETING_VERSION = 1.0;
				PRODUCT_BUNDLE_IDENTIFIER = net.eurisko.TCAExample2;
				PRODUCT_NAME = "$(TARGET_NAME)";
				SWIFT_EMIT_LOC_STRINGS = YES;
				SWIFT_VERSION = 5.0;
				TARGETED_DEVICE_FAMILY = "1,2";
			};
			name = Debug;
		};
		3B2F3CE42BD1433B00B8DCEE /* Release */ = {
			isa = XCBuildConfiguration;
			buildSettings = {
				ASSETCATALOG_COMPILER_APPICON_NAME = AppIcon;
				ASSETCATALOG_COMPILER_GLOBAL_ACCENT_COLOR_NAME = AccentColor;
				CODE_SIGN_STYLE = Automatic;
				CURRENT_PROJECT_VERSION = 1;
				DEVELOPMENT_ASSET_PATHS = "\"TCAExample2/Preview Content\"";
				ENABLE_PREVIEWS = YES;
				GENERATE_INFOPLIST_FILE = YES;
				INFOPLIST_KEY_UIApplicationSceneManifest_Generation = YES;
				INFOPLIST_KEY_UIApplicationSupportsIndirectInputEvents = YES;
				INFOPLIST_KEY_UILaunchScreen_Generation = YES;
				INFOPLIST_KEY_UISupportedInterfaceOrientations_iPad = "UIInterfaceOrientationPortrait UIInterfaceOrientationPortraitUpsideDown UIInterfaceOrientationLandscapeLeft UIInterfaceOrientationLandscapeRight";
				INFOPLIST_KEY_UISupportedInterfaceOrientations_iPhone = "UIInterfaceOrientationPortrait UIInterfaceOrientationLandscapeLeft UIInterfaceOrientationLandscapeRight";
				LD_RUNPATH_SEARCH_PATHS = (
					"$(inherited)",
					"@executable_path/Frameworks",
				);
				MARKETING_VERSION = 1.0;
				PRODUCT_BUNDLE_IDENTIFIER = net.eurisko.TCAExample2;
				PRODUCT_NAME = "$(TARGET_NAME)";
				SWIFT_EMIT_LOC_STRINGS = YES;
				SWIFT_VERSION = 5.0;
				TARGETED_DEVICE_FAMILY = "1,2";
			};
			name = Release;
		};
/* End XCBuildConfiguration section */

/* Begin XCConfigurationList section */
		3B2F3CCF2BD1433A00B8DCEE /* Build configuration list for PBXProject "TCAExample2" */ = {
			isa = XCConfigurationList;
			buildConfigurations = (
				3B2F3CE02BD1433B00B8DCEE /* Debug */,
				3B2F3CE12BD1433B00B8DCEE /* Release */,
			);
			defaultConfigurationIsVisible = 0;
			defaultConfigurationName = Release;
		};
		3B2F3CE22BD1433B00B8DCEE /* Build configuration list for PBXNativeTarget "TCAExample2" */ = {
			isa = XCConfigurationList;
			buildConfigurations = (
				3B2F3CE32BD1433B00B8DCEE /* Debug */,
				3B2F3CE42BD1433B00B8DCEE /* Release */,
			);
			defaultConfigurationIsVisible = 0;
			defaultConfigurationName = Release;
		};
/* End XCConfigurationList section */

/* Begin XCRemoteSwiftPackageReference section */
		3B2F3CE52BD1439800B8DCEE /* XCRemoteSwiftPackageReference "swift-composable-architecture" */ = {
			isa = XCRemoteSwiftPackageReference;
			repositoryURL = "https://github.com/pointfreeco/swift-composable-architecture";
			requirement = {
				kind = upToNextMajorVersion;
				minimumVersion = 1.9.3;
			};
		};
/* End XCRemoteSwiftPackageReference section */

/* Begin XCSwiftPackageProductDependency section */
		3B2F3CE62BD1439800B8DCEE /* ComposableArchitecture */ = {
			isa = XCSwiftPackageProductDependency;
			package = 3B2F3CE52BD1439800B8DCEE /* XCRemoteSwiftPackageReference "swift-composable-architecture" */;
			productName = ComposableArchitecture;
		};
/* End XCSwiftPackageProductDependency section */
	};
	rootObject = 3B2F3CCC2BD1433A00B8DCEE /* Project object */;
}
